
Microsoft Visual Studio Solution File, Format Version 12.00
# Visual Studio Version 16
VisualStudioVersion = 16.0.30517.126
MinimumVisualStudioVersion = 10.0.40219.1
Project("{FAE04EC0-301F-11D3-BF4B-00C04F79EFBC}") = "EpicFight", "EpicFight.csproj", "{3F984308-7BF0-4520-B96D-445107A5F3D9}"
EndProject
Global
	GlobalSection(SolutionConfigurationPlatforms) = preSolution
		Debug|Any CPU = Debug|Any CPU
		Release|Any CPU = Release|Any CPU
	EndGlobalSection
	GlobalSection(ProjectConfigurationPlatforms) = postSolution
		{3F984308-7BF0-4520-B96D-445107A5F3D9}.Debug|Any CPU.ActiveCfg = Debug|Any CPU
		{3F984308-7BF0-4520-B96D-445107A5F3D9}.Debug|Any CPU.Build.0 = Debug|Any CPU
		{3F984308-7BF0-4520-B96D-445107A5F3D9}.Release|Any CPU.ActiveCfg = Release|Any CPU
		{3F984308-7BF0-4520-B96D-445107A5F3D9}.Release|Any CPU.Build.0 = Release|Any CPU
	EndGlobalSection
	GlobalSection(SolutionProperties) = preSolution
		HideSolutionNode = FALSE
	EndGlobalSection
	GlobalSection(ExtensibilityGlobals) = postSolution
		SolutionGuid = {B3D939C1-1AD4-4883-9551-7558D1992838}
	EndGlobalSection
EndGlobal
